
Microsoft Visual Studio Solution File, Format Version 12.00
# Visual Studio Version 16
VisualStudioVersion = 16.0.30517.126
MinimumVisualStudioVersion = 10.0.40219.1
Project("{FAE04EC0-301F-11D3-BF4B-00C04F79EFBC}") = "ControlFlow", "ControlFlow\ControlFlow.csproj", "{1D17BF15-8169-4A55-8AF4-399340BB191A}"
EndProject
Project("{FAE04EC0-301F-11D3-BF4B-00C04F79EFBC}") = "WhenWereYouBorn", "WhenWereYouBorn\WhenWereYouBorn.csproj", "{5D7F7DC8-F86D-4220-865D-F20A7A9C5329}"
EndProject
Project("{FAE04EC0-301F-11D3-BF4B-00C04F79EFBC}") = "DrivingLisence", "DrivingLisence\DrivingLisence.csproj", "{86B4D889-054F-4EA9-BE3C-C0359076DE88}"
EndProject
Project("{FAE04EC0-301F-11D3-BF4B-00C04F79EFBC}") = "PositiveNegative", "PositiveNegative\PositiveNegative.csproj", "{E6695B9F-635A-4C73-9F62-4717B92D24E6}"
EndProject
Global
	GlobalSection(SolutionConfigurationPlatforms) = preSolution
		Debug|Any CPU = Debug|Any CPU
		Release|Any CPU = Release|Any CPU
	EndGlobalSection
	GlobalSection(ProjectConfigurationPlatforms) = postSolution
		{1D17BF15-8169-4A55-8AF4-399340BB191A}.Debug|Any CPU.ActiveCfg = Debug|Any CPU
		{1D17BF15-8169-4A55-8AF4-399340BB191A}.Debug|Any CPU.Build.0 = Debug|Any CPU
		{1D17BF15-8169-4A55-8AF4-399340BB191A}.Release|Any CPU.ActiveCfg = Release|Any CPU
		{1D17BF15-8169-4A55-8AF4-399340BB191A}.Release|Any CPU.Build.0 = Release|Any CPU
		{5D7F7DC8-F86D-4220-865D-F20A7A9C5329}.Debug|Any CPU.ActiveCfg = Debug|Any CPU
		{5D7F7DC8-F86D-4220-865D-F20A7A9C5329}.Debug|Any CPU.Build.0 = Debug|Any CPU
		{5D7F7DC8-F86D-4220-865D-F20A7A9C5329}.Release|Any CPU.ActiveCfg = Release|Any CPU
		{5D7F7DC8-F86D-4220-865D-F20A7A9C5329}.Release|Any CPU.Build.0 = Release|Any CPU
		{86B4D889-054F-4EA9-BE3C-C0359076DE88}.Debug|Any CPU.ActiveCfg = Debug|Any CPU
		{86B4D889-054F-4EA9-BE3C-C0359076DE88}.Debug|Any CPU.Build.0 = Debug|Any CPU
		{86B4D889-054F-4EA9-BE3C-C0359076DE88}.Release|Any CPU.ActiveCfg = Release|Any CPU
		{86B4D889-054F-4EA9-BE3C-C0359076DE88}.Release|Any CPU.Build.0 = Release|Any CPU
		{E6695B9F-635A-4C73-9F62-4717B92D24E6}.Debug|Any CPU.ActiveCfg = Debug|Any CPU
		{E6695B9F-635A-4C73-9F62-4717B92D24E6}.Debug|Any CPU.Build.0 = Debug|Any CPU
		{E6695B9F-635A-4C73-9F62-4717B92D24E6}.Release|Any CPU.ActiveCfg = Release|Any CPU
		{E6695B9F-635A-4C73-9F62-4717B92D24E6}.Release|Any CPU.Build.0 = Release|Any CPU
	EndGlobalSection
	GlobalSection(SolutionProperties) = preSolution
		HideSolutionNode = FALSE
	EndGlobalSection
	GlobalSection(ExtensibilityGlobals) = postSolution
		SolutionGuid = {8A9B60C8-2ABA-44A9-8E49-04FA7402681F}
	EndGlobalSection
EndGlobal
